
Microsoft Visual Studio Solution File, Format Version 12.00
# Visual Studio Version 16
VisualStudioVersion = 16.0.29102.190
MinimumVisualStudioVersion = 10.0.40219.1
Project("{9A19103F-16F7-4668-BE54-9A1E7A4F7556}") = "Redactor", "Redactor\Redactor.csproj", "{F484068C-93FE-46B7-AD06-55225157526F}"
EndProject
Project("{9A19103F-16F7-4668-BE54-9A1E7A4F7556}") = "Redactor.Test", "Redactor.Test\Redactor.Test.csproj", "{3D0E804F-F1C5-4ACD-9402-17B628AE5E87}"
EndProject
Project("{2150E333-8FDC-42A3-9474-1A3956D46DE8}") = "Solution", "Solution", "{423A0492-3415-425C-8284-95DB188EB760}"
	ProjectSection(SolutionItems) = preProject
		..\.editorconfig = ..\.editorconfig
		..\.gitattributes = ..\.gitattributes
		..\.gitignore = ..\.gitignore
		..\README.md = ..\README.md
	EndProjectSection
EndProject
Global
	GlobalSection(SolutionConfigurationPlatforms) = preSolution
		Debug|Any CPU = Debug|Any CPU
		Release|Any CPU = Release|Any CPU
	EndGlobalSection
	GlobalSection(ProjectConfigurationPlatforms) = postSolution
		{F484068C-93FE-46B7-AD06-55225157526F}.Debug|Any CPU.ActiveCfg = Debug|Any CPU
		{F484068C-93FE-46B7-AD06-55225157526F}.Debug|Any CPU.Build.0 = Debug|Any CPU
		{F484068C-93FE-46B7-AD06-55225157526F}.Release|Any CPU.ActiveCfg = Release|Any CPU
		{F484068C-93FE-46B7-AD06-55225157526F}.Release|Any CPU.Build.0 = Release|Any CPU
		{3D0E804F-F1C5-4ACD-9402-17B628AE5E87}.Debug|Any CPU.ActiveCfg = Debug|Any CPU
		{3D0E804F-F1C5-4ACD-9402-17B628AE5E87}.Debug|Any CPU.Build.0 = Debug|Any CPU
		{3D0E804F-F1C5-4ACD-9402-17B628AE5E87}.Release|Any CPU.ActiveCfg = Release|Any CPU
		{3D0E804F-F1C5-4ACD-9402-17B628AE5E87}.Release|Any CPU.Build.0 = Release|Any CPU
	EndGlobalSection
	GlobalSection(SolutionProperties) = preSolution
		HideSolutionNode = FALSE
	EndGlobalSection
	GlobalSection(ExtensibilityGlobals) = postSolution
		SolutionGuid = {E911F798-FFAD-45FB-A54E-13342CC338F6}
	EndGlobalSection
EndGlobal
